
Microsoft Visual Studio Solution File, Format Version 12.00
# Visual Studio Version 16
VisualStudioVersion = 16.0.29209.62
MinimumVisualStudioVersion = 10.0.40219.1
Project("{9A19103F-16F7-4668-BE54-9A1E7A4F7556}") = "OSDPayslip.Models", "OSDPayslip.Models\OSDPayslip.Models.csproj", "{2DD76843-802F-43DA-84EC-58CA23ABDF46}"
EndProject
Project("{9A19103F-16F7-4668-BE54-9A1E7A4F7556}") = "OSDPayslip.Data", "OSDPayslip.Data\OSDPayslip.Data.csproj", "{2B39CCD8-A0AD-4E33-A497-57198DFEE905}"
EndProject
Project("{9A19103F-16F7-4668-BE54-9A1E7A4F7556}") = "OSDPayslip.Service", "OSDPayslip.Service\OSDPayslip.Service.csproj", "{5B1E1E15-D0E5-4C4F-9743-87EA3CE176EF}"
EndProject
Project("{9A19103F-16F7-4668-BE54-9A1E7A4F7556}") = "OSDPayslip.UnitTest", "OSDPayslip.UnitTest\OSDPayslip.UnitTest.csproj", "{8AF56A58-11C5-4634-9E63-342B544F5214}"
EndProject
Project("{9A19103F-16F7-4668-BE54-9A1E7A4F7556}") = "OSDPayslip.Application", "OSDPayslip.Application\OSDPayslip.Application.csproj", "{3521E5AA-E4CF-47CB-A63E-9EC99CAD2B40}"
EndProject
Project("{9A19103F-16F7-4668-BE54-9A1E7A4F7556}") = "OSDPayslip.Common", "OSDPayslip.Common\OSDPayslip.Common.csproj", "{047AB555-CADD-450A-8EE8-786EA8B11A37}"
EndProject
Project("{FAE04EC0-301F-11D3-BF4B-00C04F79EFBC}") = "OSDPayslip.Web", "OSDPayslip.Web\OSDPayslip.Web.csproj", "{BD93EF8C-F58D-4D1B-B4DC-DB35ED8F49C6}"
EndProject
Global
	GlobalSection(SolutionConfigurationPlatforms) = preSolution
		Debug|Any CPU = Debug|Any CPU
		Release|Any CPU = Release|Any CPU
	EndGlobalSection
	GlobalSection(ProjectConfigurationPlatforms) = postSolution
		{2DD76843-802F-43DA-84EC-58CA23ABDF46}.Debug|Any CPU.ActiveCfg = Debug|Any CPU
		{2DD76843-802F-43DA-84EC-58CA23ABDF46}.Debug|Any CPU.Build.0 = Debug|Any CPU
		{2DD76843-802F-43DA-84EC-58CA23ABDF46}.Release|Any CPU.ActiveCfg = Release|Any CPU
		{2DD76843-802F-43DA-84EC-58CA23ABDF46}.Release|Any CPU.Build.0 = Release|Any CPU
		{2B39CCD8-A0AD-4E33-A497-57198DFEE905}.Debug|Any CPU.ActiveCfg = Debug|Any CPU
		{2B39CCD8-A0AD-4E33-A497-57198DFEE905}.Debug|Any CPU.Build.0 = Debug|Any CPU
		{2B39CCD8-A0AD-4E33-A497-57198DFEE905}.Release|Any CPU.ActiveCfg = Release|Any CPU
		{2B39CCD8-A0AD-4E33-A497-57198DFEE905}.Release|Any CPU.Build.0 = Release|Any CPU
		{5B1E1E15-D0E5-4C4F-9743-87EA3CE176EF}.Debug|Any CPU.ActiveCfg = Debug|Any CPU
		{5B1E1E15-D0E5-4C4F-9743-87EA3CE176EF}.Debug|Any CPU.Build.0 = Debug|Any CPU
		{5B1E1E15-D0E5-4C4F-9743-87EA3CE176EF}.Release|Any CPU.ActiveCfg = Release|Any CPU
		{5B1E1E15-D0E5-4C4F-9743-87EA3CE176EF}.Release|Any CPU.Build.0 = Release|Any CPU
		{8AF56A58-11C5-4634-9E63-342B544F5214}.Debug|Any CPU.ActiveCfg = Debug|Any CPU
		{8AF56A58-11C5-4634-9E63-342B544F5214}.Debug|Any CPU.Build.0 = Debug|Any CPU
		{8AF56A58-11C5-4634-9E63-342B544F5214}.Release|Any CPU.ActiveCfg = Release|Any CPU
		{8AF56A58-11C5-4634-9E63-342B544F5214}.Release|Any CPU.Build.0 = Release|Any CPU
		{3521E5AA-E4CF-47CB-A63E-9EC99CAD2B40}.Debug|Any CPU.ActiveCfg = Debug|Any CPU
		{3521E5AA-E4CF-47CB-A63E-9EC99CAD2B40}.Debug|Any CPU.Build.0 = Debug|Any CPU
		{3521E5AA-E4CF-47CB-A63E-9EC99CAD2B40}.Release|Any CPU.ActiveCfg = Release|Any CPU
		{3521E5AA-E4CF-47CB-A63E-9EC99CAD2B40}.Release|Any CPU.Build.0 = Release|Any CPU
		{047AB555-CADD-450A-8EE8-786EA8B11A37}.Debug|Any CPU.ActiveCfg = Debug|Any CPU
		{047AB555-CADD-450A-8EE8-786EA8B11A37}.Debug|Any CPU.Build.0 = Debug|Any CPU
		{047AB555-CADD-450A-8EE8-786EA8B11A37}.Release|Any CPU.ActiveCfg = Release|Any CPU
		{047AB555-CADD-450A-8EE8-786EA8B11A37}.Release|Any CPU.Build.0 = Release|Any CPU
		{BD93EF8C-F58D-4D1B-B4DC-DB35ED8F49C6}.Debug|Any CPU.ActiveCfg = Debug|Any CPU
		{BD93EF8C-F58D-4D1B-B4DC-DB35ED8F49C6}.Debug|Any CPU.Build.0 = Debug|Any CPU
		{BD93EF8C-F58D-4D1B-B4DC-DB35ED8F49C6}.Release|Any CPU.ActiveCfg = Release|Any CPU
		{BD93EF8C-F58D-4D1B-B4DC-DB35ED8F49C6}.Release|Any CPU.Build.0 = Release|Any CPU
	EndGlobalSection
	GlobalSection(SolutionProperties) = preSolution
		HideSolutionNode = FALSE
	EndGlobalSection
	GlobalSection(ExtensibilityGlobals) = postSolution
		SolutionGuid = {4966C859-1857-4AAE-9906-0FEEE5B58625}
	EndGlobalSection
EndGlobal
